// !$*UTF8*$!
{
	archiveVersion = 1;
	classes = {
	};
	objectVersion = 55;
	objects = {

/* Begin PBXBuildFile section */
		AAFE2994275A66EF007DC962 /* BadgeTutorialApp.swift in Sources */ = {isa = PBXBuildFile; fileRef = AAFE2993275A66EF007DC962 /* BadgeTutorialApp.swift */; };
		AAFE2996275A66EF007DC962 /* MessageView.swift in Sources */ = {isa = PBXBuildFile; fileRef = AAFE2995275A66EF007DC962 /* MessageView.swift */; };
		AAFE2998275A66EF007DC962 /* Assets.xcassets in Resources */ = {isa = PBXBuildFile; fileRef = AAFE2997275A66EF007DC962 /* Assets.xcassets */; };
		AAFE299B275A66EF007DC962 /* Preview Assets.xcassets in Resources */ = {isa = PBXBuildFile; fileRef = AAFE299A275A66EF007DC962 /* Preview Assets.xcassets */; };
		AAFE29A2275A6712007DC962 /* MessageModel.swift in Sources */ = {isa = PBXBuildFile; fileRef = AAFE29A1275A6712007DC962 /* MessageModel.swift */; };
		AAFE29A4275A67A2007DC962 /* MessageViewModel.swift in Sources */ = {isa = PBXBuildFile; fileRef = AAFE29A3275A67A2007DC962 /* MessageViewModel.swift */; };
		AAFE29A6275A683B007DC962 /* MessagesTabView.swift in Sources */ = {isa = PBXBuildFile; fileRef = AAFE29A5275A683B007DC962 /* MessagesTabView.swift */; };
		AAFE29A8275A691D007DC962 /* WelcomeView.swift in Sources */ = {isa = PBXBuildFile; fileRef = AAFE29A7275A691D007DC962 /* WelcomeView.swift */; };
		AAFE29AA275A7720007DC962 /* Basic.swift in Sources */ = {isa = PBXBuildFile; fileRef = AAFE29A9275A7720007DC962 /* Basic.swift */; };
/* End PBXBuildFile section */

/* Begin PBXFileReference section */
		AAFE2990275A66EF007DC962 /* BadgeTutorial.app */ = {isa = PBXFileReference; explicitFileType = wrapper.application; includeInIndex = 0; path = BadgeTutorial.app; sourceTree = BUILT_PRODUCTS_DIR; };
		AAFE2993275A66EF007DC962 /* BadgeTutorialApp.swift */ = {isa = PBXFileReference; lastKnownFileType = sourcecode.swift; path = BadgeTutorialApp.swift; sourceTree = "<group>"; };
		AAFE2995275A66EF007DC962 /* MessageView.swift */ = {isa = PBXFileReference; lastKnownFileType = sourcecode.swift; path = MessageView.swift; sourceTree = "<group>"; };
		AAFE2997275A66EF007DC962 /* Assets.xcassets */ = {isa = PBXFileReference; lastKnownFileType = folder.assetcatalog; path = Assets.xcassets; sourceTree = "<group>"; };
		AAFE299A275A66EF007DC962 /* Preview Assets.xcassets */ = {isa = PBXFileReference; lastKnownFileType = folder.assetcatalog; path = "Preview Assets.xcassets"; sourceTree = "<group>"; };
		AAFE29A1275A6712007DC962 /* MessageModel.swift */ = {isa = PBXFileReference; lastKnownFileType = sourcecode.swift; path = MessageModel.swift; sourceTree = "<group>"; };
		AAFE29A3275A67A2007DC962 /* MessageViewModel.swift */ = {isa = PBXFileReference; lastKnownFileType = sourcecode.swift; path = MessageViewModel.swift; sourceTree = "<group>"; };
		AAFE29A5275A683B007DC962 /* MessagesTabView.swift */ = {isa = PBXFileReference; lastKnownFileType = sourcecode.swift; path = MessagesTabView.swift; sourceTree = "<group>"; };
		AAFE29A7275A691D007DC962 /* WelcomeView.swift */ = {isa = PBXFileReference; lastKnownFileType = sourcecode.swift; path = WelcomeView.swift; sourceTree = "<group>"; };
		AAFE29A9275A7720007DC962 /* Basic.swift */ = {isa = PBXFileReference; lastKnownFileType = sourcecode.swift; path = Basic.swift; sourceTree = "<group>"; };
/* End PBXFileReference section */

/* Begin PBXFrameworksBuildPhase section */
		AAFE298D275A66EF007DC962 /* Frameworks */ = {
			isa = PBXFrameworksBuildPhase;
			buildActionMask = 2147483647;
			files = (
			);
			runOnlyForDeploymentPostprocessing = 0;
		};
/* End PBXFrameworksBuildPhase section */

/* Begin PBXGroup section */
		AAFE2987275A66EF007DC962 = {
			isa = PBXGroup;
			children = (
				AAFE2992275A66EF007DC962 /* BadgeTutorial */,
				AAFE2991275A66EF007DC962 /* Products */,
			);
			sourceTree = "<group>";
		};
		AAFE2991275A66EF007DC962 /* Products */ = {
			isa = PBXGroup;
			children = (
				AAFE2990275A66EF007DC962 /* BadgeTutorial.app */,
			);
			name = Products;
			sourceTree = "<group>";
		};
		AAFE2992275A66EF007DC962 /* BadgeTutorial */ = {
			isa = PBXGroup;
			children = (
				AAFE2993275A66EF007DC962 /* BadgeTutorialApp.swift */,
				AAFE29A9275A7720007DC962 /* Basic.swift */,
				AAFE29A5275A683B007DC962 /* MessagesTabView.swift */,
				AAFE29A7275A691D007DC962 /* WelcomeView.swift */,
				AAFE2995275A66EF007DC962 /* MessageView.swift */,
				AAFE29A3275A67A2007DC962 /* MessageViewModel.swift */,
				AAFE29A1275A6712007DC962 /* MessageModel.swift */,
				AAFE2997275A66EF007DC962 /* Assets.xcassets */,
				AAFE2999275A66EF007DC962 /* Preview Content */,
			);
			path = BadgeTutorial;
			sourceTree = "<group>";
		};
		AAFE2999275A66EF007DC962 /* Preview Content */ = {
			isa = PBXGroup;
			children = (
				AAFE299A275A66EF007DC962 /* Preview Assets.xcassets */,
			);
			path = "Preview Content";
			sourceTree = "<group>";
		};
/* End PBXGroup section */

/* Begin PBXNativeTarget section */
		AAFE298F275A66EF007DC962 /* BadgeTutorial */ = {
			isa = PBXNativeTarget;
			buildConfigurationList = AAFE299E275A66EF007DC962 /* Build configuration list for PBXNativeTarget "BadgeTutorial" */;
			buildPhases = (
				AAFE298C275A66EF007DC962 /* Sources */,
				AAFE298D275A66EF007DC962 /* Frameworks */,
				AAFE298E275A66EF007DC962 /* Resources */,
			);
			buildRules = (
			);
			dependencies = (
			);
			name = BadgeTutorial;
			productName = BadgeTutorial;
			productReference = AAFE2990275A66EF007DC962 /* BadgeTutorial.app */;
			productType = "com.apple.product-type.application";
		};
/* End PBXNativeTarget section */

/* Begin PBXProject section */
		AAFE2988275A66EF007DC962 /* Project object */ = {
			isa = PBXProject;
			attributes = {
				BuildIndependentTargetsInParallel = 1;
				LastSwiftUpdateCheck = 1310;
				LastUpgradeCheck = 1310;
				TargetAttributes = {
					AAFE298F275A66EF007DC962 = {
						CreatedOnToolsVersion = 13.1;
					};
				};
			};
			buildConfigurationList = AAFE298B275A66EF007DC962 /* Build configuration list for PBXProject "BadgeTutorial" */;
			compatibilityVersion = "Xcode 13.0";
			developmentRegion = en;
			hasScannedForEncodings = 0;
			knownRegions = (
				en,
				Base,
			);
			mainGroup = AAFE2987275A66EF007DC962;
			productRefGroup = AAFE2991275A66EF007DC962 /* Products */;
			projectDirPath = "";
			projectRoot = "";
			targets = (
				AAFE298F275A66EF007DC962 /* BadgeTutorial */,
			);
		};
/* End PBXProject section */

/* Begin PBXResourcesBuildPhase section */
		AAFE298E275A66EF007DC962 /* Resources */ = {
			isa = PBXResourcesBuildPhase;
			buildActionMask = 2147483647;
			files = (
				AAFE299B275A66EF007DC962 /* Preview Assets.xcassets in Resources */,
				AAFE2998275A66EF007DC962 /* Assets.xcassets in Resources */,
			);
			runOnlyForDeploymentPostprocessing = 0;
		};
/* End PBXResourcesBuildPhase section */

/* Begin PBXSourcesBuildPhase section */
		AAFE298C275A66EF007DC962 /* Sources */ = {
			isa = PBXSourcesBuildPhase;
			buildActionMask = 2147483647;
			files = (
				AAFE29A6275A683B007DC962 /* MessagesTabView.swift in Sources */,
				AAFE29A8275A691D007DC962 /* WelcomeView.swift in Sources */,
				AAFE29AA275A7720007DC962 /* Basic.swift in Sources */,
				AAFE29A2275A6712007DC962 /* MessageModel.swift in Sources */,
				AAFE2996275A66EF007DC962 /* MessageView.swift in Sources */,
				AAFE29A4275A67A2007DC962 /* MessageViewModel.swift in Sources */,
				AAFE2994275A66EF007DC962 /* BadgeTutorialApp.swift in Sources */,
			);
			runOnlyForDeploymentPostprocessing = 0;
		};
/* End PBXSourcesBuildPhase section */

/* Begin XCBuildConfiguration section */
		AAFE299C275A66EF007DC962 /* Debug */ = {
			isa = XCBuildConfiguration;
			buildSettings = {
				ALWAYS_SEARCH_USER_PATHS = NO;
				CLANG_ANALYZER_NONNULL = YES;
				CLANG_ANALYZER_NUMBER_OBJECT_CONVERSION = YES_AGGRESSIVE;
				CLANG_CXX_LANGUAGE_STANDARD = "gnu++17";
				CLANG_CXX_LIBRARY = "libc++";
				CLANG_ENABLE_MODULES = YES;
				CLANG_ENABLE_OBJC_ARC = YES;
				CLANG_ENABLE_OBJC_WEAK = YES;
				CLANG_WARN_BLOCK_CAPTURE_AUTORELEASING = YES;
				CLANG_WARN_BOOL_CONVERSION = YES;
				CLANG_WARN_COMMA = YES;
				CLANG_WARN_CONSTANT_CONVERSION = YES;
				CLANG_WARN_DEPRECATED_OBJC_IMPLEMENTATIONS = YES;
				CLANG_WARN_DIRECT_OBJC_ISA_USAGE = YES_ERROR;
				CLANG_WARN_DOCUMENTATION_COMMENTS = YES;
				CLANG_WARN_EMPTY_BODY = YES;
				CLANG_WARN_ENUM_CONVERSION = YES;
				CLANG_WARN_INFINITE_RECURSION = YES;
				CLANG_WARN_INT_CONVERSION = YES;
				CLANG_WARN_NON_LITERAL_NULL_CONVERSION = YES;
				CLANG_WARN_OBJC_IMPLICIT_RETAIN_SELF = YES;
				CLANG_WARN_OBJC_LITERAL_CONVERSION = YES;
				CLANG_WARN_OBJC_ROOT_CLASS = YES_ERROR;
				CLANG_WARN_QUOTED_INCLUDE_IN_FRAMEWORK_HEADER = YES;
				CLANG_WARN_RANGE_LOOP_ANALYSIS = YES;
				CLANG_WARN_STRICT_PROTOTYPES = YES;
				CLANG_WARN_SUSPICIOUS_MOVE = YES;
				CLANG_WARN_UNGUARDED_AVAILABILITY = YES_AGGRESSIVE;
				CLANG_WARN_UNREACHABLE_CODE = YES;
				CLANG_WARN__DUPLICATE_METHOD_MATCH = YES;
				COPY_PHASE_STRIP = NO;
				DEBUG_INFORMATION_FORMAT = dwarf;
				ENABLE_STRICT_OBJC_MSGSEND = YES;
				ENABLE_TESTABILITY = YES;
				GCC_C_LANGUAGE_STANDARD = gnu11;
				GCC_DYNAMIC_NO_PIC = NO;
				GCC_NO_COMMON_BLOCKS = YES;
				GCC_OPTIMIZATION_LEVEL = 0;
				GCC_PREPROCESSOR_DEFINITIONS = (
					"DEBUG=1",
					"$(inherited)",
				);
				GCC_WARN_64_TO_32_BIT_CONVERSION = YES;
				GCC_WARN_ABOUT_RETURN_TYPE = YES_ERROR;
				GCC_WARN_UNDECLARED_SELECTOR = YES;
				GCC_WARN_UNINITIALIZED_AUTOS = YES_AGGRESSIVE;
				GCC_WARN_UNUSED_FUNCTION = YES;
				GCC_WARN_UNUSED_VARIABLE = YES;
				IPHONEOS_DEPLOYMENT_TARGET = 15.0;
				MTL_ENABLE_DEBUG_INFO = INCLUDE_SOURCE;
				MTL_FAST_MATH = YES;
				ONLY_ACTIVE_ARCH = YES;
				SDKROOT = iphoneos;
				SWIFT_ACTIVE_COMPILATION_CONDITIONS = DEBUG;
				SWIFT_OPTIMIZATION_LEVEL = "-Onone";
			};
			name = Debug;
		};
		AAFE299D275A66EF007DC962 /* Release */ = {
			isa = XCBuildConfiguration;
			buildSettings = {
				ALWAYS_SEARCH_USER_PATHS = NO;
				CLANG_ANALYZER_NONNULL = YES;
				CLANG_ANALYZER_NUMBER_OBJECT_CONVERSION = YES_AGGRESSIVE;
				CLANG_CXX_LANGUAGE_STANDARD = "gnu++17";
				CLANG_CXX_LIBRARY = "libc++";
				CLANG_ENABLE_MODULES = YES;
				CLANG_ENABLE_OBJC_ARC = YES;
				CLANG_ENABLE_OBJC_WEAK = YES;
				CLANG_WARN_BLOCK_CAPTURE_AUTORELEASING = YES;
				CLANG_WARN_BOOL_CONVERSION = YES;
				CLANG_WARN_COMMA = YES;
				CLANG_WARN_CONSTANT_CONVERSION = YES;
				CLANG_WARN_DEPRECATED_OBJC_IMPLEMENTATIONS = YES;
				CLANG_WARN_DIRECT_OBJC_ISA_USAGE = YES_ERROR;
				CLANG_WARN_DOCUMENTATION_COMMENTS = YES;
				CLANG_WARN_EMPTY_BODY = YES;
				CLANG_WARN_ENUM_CONVERSION = YES;
				CLANG_WARN_INFINITE_RECURSION = YES;
				CLANG_WARN_INT_CONVERSION = YES;
				CLANG_WARN_NON_LITERAL_NULL_CONVERSION = YES;
				CLANG_WARN_OBJC_IMPLICIT_RETAIN_SELF = YES;
				CLANG_WARN_OBJC_LITERAL_CONVERSION = YES;
				CLANG_WARN_OBJC_ROOT_CLASS = YES_ERROR;
				CLANG_WARN_QUOTED_INCLUDE_IN_FRAMEWORK_HEADER = YES;
				CLANG_WARN_RANGE_LOOP_ANALYSIS = YES;
				CLANG_WARN_STRICT_PROTOTYPES = YES;
				CLANG_WARN_SUSPICIOUS_MOVE = YES;
				CLANG_WARN_UNGUARDED_AVAILABILITY = YES_AGGRESSIVE;
				CLANG_WARN_UNREACHABLE_CODE = YES;
				CLANG_WARN__DUPLICATE_METHOD_MATCH = YES;
				COPY_PHASE_STRIP = NO;
				DEBUG_INFORMATION_FORMAT = "dwarf-with-dsym";
				ENABLE_NS_ASSERTIONS = NO;
				ENABLE_STRICT_OBJC_MSGSEND = YES;
				GCC_C_LANGUAGE_STANDARD = gnu11;
				GCC_NO_COMMON_BLOCKS = YES;
				GCC_WARN_64_TO_32_BIT_CONVERSION = YES;
				GCC_WARN_ABOUT_RETURN_TYPE = YES_ERROR;
				GCC_WARN_UNDECLARED_SELECTOR = YES;
				GCC_WARN_UNINITIALIZED_AUTOS = YES_AGGRESSIVE;
				GCC_WARN_UNUSED_FUNCTION = YES;
				GCC_WARN_UNUSED_VARIABLE = YES;
				IPHONEOS_DEPLOYMENT_TARGET = 15.0;
				MTL_ENABLE_DEBUG_INFO = NO;
				MTL_FAST_MATH = YES;
				SDKROOT = iphoneos;
				SWIFT_COMPILATION_MODE = wholemodule;
				SWIFT_OPTIMIZATION_LEVEL = "-O";
				VALIDATE_PRODUCT = YES;
			};
			name = Release;
		};
		AAFE299F275A66EF007DC962 /* Debug */ = {
			isa = XCBuildConfiguration;
			buildSettings = {
				ASSETCATALOG_COMPILER_APPICON_NAME = AppIcon;
				ASSETCATALOG_COMPILER_GLOBAL_ACCENT_COLOR_NAME = AccentColor;
				CODE_SIGN_STYLE = Automatic;
				CURRENT_PROJECT_VERSION = 1;
				DEVELOPMENT_ASSET_PATHS = "\"BadgeTutorial/Preview Content\"";
				ENABLE_PREVIEWS = YES;
				GENERATE_INFOPLIST_FILE = YES;
				INFOPLIST_KEY_UIApplicationSceneManifest_Generation = YES;
				INFOPLIST_KEY_UIApplicationSupportsIndirectInputEvents = YES;
				INFOPLIST_KEY_UILaunchScreen_Generation = YES;
				INFOPLIST_KEY_UISupportedInterfaceOrientations_iPad = "UIInterfaceOrientationPortrait UIInterfaceOrientationPortraitUpsideDown UIInterfaceOrientationLandscapeLeft UIInterfaceOrientationLandscapeRight";
				INFOPLIST_KEY_UISupportedInterfaceOrientations_iPhone = "UIInterfaceOrientationPortrait UIInterfaceOrientationLandscapeLeft UIInterfaceOrientationLandscapeRight";
				LD_RUNPATH_SEARCH_PATHS = (
					"$(inherited)",
					"@executable_path/Frameworks",
				);
				MARKETING_VERSION = 1.0;
				PRODUCT_BUNDLE_IDENTIFIER = com.nativeTutor.BadgeTutorial;
				PRODUCT_NAME = "$(TARGET_NAME)";
				SWIFT_EMIT_LOC_STRINGS = YES;
				SWIFT_VERSION = 5.0;
				TARGETED_DEVICE_FAMILY = "1,2";
			};
			name = Debug;
		};
		AAFE29A0275A66EF007DC962 /* Release */ = {
			isa = XCBuildConfiguration;
			buildSettings = {
				ASSETCATALOG_COMPILER_APPICON_NAME = AppIcon;
				ASSETCATALOG_COMPILER_GLOBAL_ACCENT_COLOR_NAME = AccentColor;
				CODE_SIGN_STYLE = Automatic;
				CURRENT_PROJECT_VERSION = 1;
				DEVELOPMENT_ASSET_PATHS = "\"BadgeTutorial/Preview Content\"";
				ENABLE_PREVIEWS = YES;
				GENERATE_INFOPLIST_FILE = YES;
				INFOPLIST_KEY_UIApplicationSceneManifest_Generation = YES;
				INFOPLIST_KEY_UIApplicationSupportsIndirectInputEvents = YES;
				INFOPLIST_KEY_UILaunchScreen_Generation = YES;
				INFOPLIST_KEY_UISupportedInterfaceOrientations_iPad = "UIInterfaceOrientationPortrait UIInterfaceOrientationPortraitUpsideDown UIInterfaceOrientationLandscapeLeft UIInterfaceOrientationLandscapeRight";
				INFOPLIST_KEY_UISupportedInterfaceOrientations_iPhone = "UIInterfaceOrientationPortrait UIInterfaceOrientationLandscapeLeft UIInterfaceOrientationLandscapeRight";
				LD_RUNPATH_SEARCH_PATHS = (
					"$(inherited)",
					"@executable_path/Frameworks",
				);
				MARKETING_VERSION = 1.0;
				PRODUCT_BUNDLE_IDENTIFIER = com.nativeTutor.BadgeTutorial;
				PRODUCT_NAME = "$(TARGET_NAME)";
				SWIFT_EMIT_LOC_STRINGS = YES;
				SWIFT_VERSION = 5.0;
				TARGETED_DEVICE_FAMILY = "1,2";
			};
			name = Release;
		};
/* End XCBuildConfiguration section */

/* Begin XCConfigurationList section */
		AAFE298B275A66EF007DC962 /* Build configuration list for PBXProject "BadgeTutorial" */ = {
			isa = XCConfigurationList;
			buildConfigurations = (
				AAFE299C275A66EF007DC962 /* Debug */,
				AAFE299D275A66EF007DC962 /* Release */,
			);
			defaultConfigurationIsVisible = 0;
			defaultConfigurationName = Release;
		};
		AAFE299E275A66EF007DC962 /* Build configuration list for PBXNativeTarget "BadgeTutorial" */ = {
			isa = XCConfigurationList;
			buildConfigurations = (
				AAFE299F275A66EF007DC962 /* Debug */,
				AAFE29A0275A66EF007DC962 /* Release */,
			);
			defaultConfigurationIsVisible = 0;
			defaultConfigurationName = Release;
		};
/* End XCConfigurationList section */
	};
	rootObject = AAFE2988275A66EF007DC962 /* Project object */;
}
